// !$*UTF8*$!
{
	archiveVersion = 1;
	classes = {
	};
	objectVersion = 77;
	objects = {

/* Begin PBXAggregateTarget section */
		1E24EBF1589C10A496752A48 /* CockpitGhosttyArtifacts */ = {
			isa = PBXAggregateTarget;
			buildConfigurationList = 2155ED37D3EB1BE230F15CA0 /* Build configuration list for PBXAggregateTarget "CockpitGhosttyArtifacts" */;
			buildPhases = (
				95C93B11A58606A1CAF564DF /* Build Cockpit Ghostty Artifacts */,
			);
			dependencies = (
			);
			name = CockpitGhosttyArtifacts;
			packageProductDependencies = (
			);
			productName = CockpitGhosttyArtifacts;
		};
/* End PBXAggregateTarget section */

/* Begin PBXBuildFile section */
		00F2CE09C916763801CA9F85 /* main.swift in Sources */ = {isa = PBXBuildFile; fileRef = 521FA9CA3D31F33E20B0CC22 /* main.swift */; };
		072B27985D56CF0B48E847DE /* MonacoRuntime.bundle in Resources */ = {isa = PBXBuildFile; fileRef = 48DD68C2340D2B3D207AB36A /* MonacoRuntime.bundle */; };
		07FECF87EDC303623C2C031A /* TerminalTabViewController.swift in Sources */ = {isa = PBXBuildFile; fileRef = 1CB666BCCFF83A0B17532068 /* TerminalTabViewController.swift */; };
		0B35A9F0F64E0511DED7EFC3 /* WelcomeViewController.swift in Sources */ = {isa = PBXBuildFile; fileRef = F1A160F98BD0975447B5B58B /* WelcomeViewController.swift */; };
		147E86D04E3990D13FB285BF /* ConversationDeletionController.swift in Sources */ = {isa = PBXBuildFile; fileRef = 1F0C98BDF4F40288231C6311 /* ConversationDeletionController.swift */; };
		17E1FAF124AB3699D39183E8 /* FileTreeViewController.swift in Sources */ = {isa = PBXBuildFile; fileRef = B72199350E653181BD3EB3C4 /* FileTreeViewController.swift */; };
		212557A2ACC955D30965D047 /* CockpitLocalTransport in Frameworks */ = {isa = PBXBuildFile; productRef = 29A3733E9D6777F50A36E911 /* CockpitLocalTransport */; };
		22EA011AF83B130CF389F9D3 /* ConversationCommandController.swift in Sources */ = {isa = PBXBuildFile; fileRef = C8D131C4C3CE2E3C6A86C30B /* ConversationCommandController.swift */; };
		2A1EB9CC7DCE3A914C17CBCB /* WorkspaceChromeView.swift in Sources */ = {isa = PBXBuildFile; fileRef = 2385F57849DC9C8D85188937 /* WorkspaceChromeView.swift */; };
		351D3D324BAED80562181E32 /* CockpitWorkspace in Frameworks */ = {isa = PBXBuildFile; productRef = 6B63A056B655604A5CAB68B6 /* CockpitWorkspace */; };
		38B6225A90DCD722926532CA /* GhosttyTerminalViewTests.swift in Sources */ = {isa = PBXBuildFile; fileRef = B19ED79EFC14EC118B543F41 /* GhosttyTerminalViewTests.swift */; };
		39069795D81C4857832CB0D5 /* WorkspaceWindowController.swift in Sources */ = {isa = PBXBuildFile; fileRef = CA5E864EDF8F667F282B715A /* WorkspaceWindowController.swift */; };
		3B5CBAA8FBFB3F631C2F4EA7 /* CoreGraphics.framework in Frameworks */ = {isa = PBXBuildFile; fileRef = 8EA676EB67971DEACE962407 /* CoreGraphics.framework */; };
		463C67C9A8A5E45E198415C1 /* ProjectCommandControllerTests.swift in Sources */ = {isa = PBXBuildFile; fileRef = 587C19468BF073BA4E77E04F /* ProjectCommandControllerTests.swift */; };
		493D8CBE3E815C9A151FF0F3 /* WebKit.framework in Frameworks */ = {isa = PBXBuildFile; fileRef = C4FA2BE19C1AAE871BA1097F /* WebKit.framework */; };
		4F386E5E70267D4642394E9A /* WorkspaceHierarchyTests.swift in Sources */ = {isa = PBXBuildFile; fileRef = 2BF59ED429382282C6713FC1 /* WorkspaceHierarchyTests.swift */; };
		527A91D10DC6D6779FDF0AF3 /* TabCommandControllerTests.swift in Sources */ = {isa = PBXBuildFile; fileRef = 1183768045AE445F258A4859 /* TabCommandControllerTests.swift */; };
		5504EF2E91B30EAA53DE6A0E /* CockpitHostCore in Frameworks */ = {isa = PBXBuildFile; productRef = DE5F175E55180A6CB6E41C96 /* CockpitHostCore */; };
		591C5D12CD00A336A5410F70 /* CockpitLocalTransport in Frameworks */ = {isa = PBXBuildFile; productRef = 98B021792EC132C38CE754AF /* CockpitLocalTransport */; };
		5F406859AC1EF68C058E5F6D /* CoreText.framework in Frameworks */ = {isa = PBXBuildFile; fileRef = 967DA6F781A08A3775427A27 /* CoreText.framework */; };
		60026EC79653E301CEE5491E /* CockpitHostCore in Frameworks */ = {isa = PBXBuildFile; productRef = 9F4222C3217C5CD667A61F57 /* CockpitHostCore */; };
		636047E92D5F2E3E5F493341 /* MonacoMessage.swift in Sources */ = {isa = PBXBuildFile; fileRef = 44E88B0BC4EEA46D8B82BE00 /* MonacoMessage.swift */; };
		67CC75FC105853537B5FC897 /* AppTestScaffoldTests.swift in Sources */ = {isa = PBXBuildFile; fileRef = 6ACE0572E53CC95FD08436FB /* AppTestScaffoldTests.swift */; };
		68E85917A1DEAC817192DAF1 /* ConversationCommandControllerTests.swift in Sources */ = {isa = PBXBuildFile; fileRef = 345DA9F403FADE69A83C8512 /* ConversationCommandControllerTests.swift */; };
		69E3BF81CBA08EB3D15300C4 /* main.swift in Sources */ = {isa = PBXBuildFile; fileRef = 2C3A65312477EAD5232A52B0 /* main.swift */; };
		6D6EC2E47259CF1C9CD06F87 /* CockpitClientCore in Frameworks */ = {isa = PBXBuildFile; productRef = 805F46A4F8C9EE76A1A590E3 /* CockpitClientCore */; };
		717C660DB30DD27E152966D1 /* Metal.framework in Frameworks */ = {isa = PBXBuildFile; fileRef = 5A9306517642B4E50E65EE7C /* Metal.framework */; };
		72E5AA0CAC1FCF86D0811CB6 /* ConversationDeletionControllerTests.swift in Sources */ = {isa = PBXBuildFile; fileRef = C896509ED3B6739751194E83 /* ConversationDeletionControllerTests.swift */; };
		7365D6C7C3E5A73DD8CDCCA9 /* ProductionLaunchAgentRegistrar.swift in Sources */ = {isa = PBXBuildFile; fileRef = 518754862ABDA5A664C60F8A /* ProductionLaunchAgentRegistrar.swift */; };
		739F84561841F69B335B8581 /* WebKit.framework in Frameworks */ = {isa = PBXBuildFile; fileRef = C4FA2BE19C1AAE871BA1097F /* WebKit.framework */; };
		75C6C1CD346F5630A004DC72 /* WorkspaceViewModel.swift in Sources */ = {isa = PBXBuildFile; fileRef = 66551CF10D010C7EAD2F7ECF /* WorkspaceViewModel.swift */; };
		7A33D7A0C1A2BA7CE86F041B /* ApplicationMenuTests.swift in Sources */ = {isa = PBXBuildFile; fileRef = 94F0C60A1B62CDCA2DA73007 /* ApplicationMenuTests.swift */; };
		7A9C950C7D5D1EF8AE5FA023 /* ServiceManagement.framework in Frameworks */ = {isa = PBXBuildFile; fileRef = 57C0F916F7AFD4AAD7519E29 /* ServiceManagement.framework */; };
		7F13BCE3D62D913A6C051792 /* ContentHostController.swift in Sources */ = {isa = PBXBuildFile; fileRef = DFD547040C5A1D676AFBC840 /* ContentHostController.swift */; };
		80169161B195865C65678342 /* CockpitLocalTransport in Frameworks */ = {isa = PBXBuildFile; productRef = 75A939B292A29F0EA7497870 /* CockpitLocalTransport */; };
		839BAC8E91A0FF76F9018DEA /* CockpitPersistence in Frameworks */ = {isa = PBXBuildFile; productRef = 97443DD81BE67B657ED3816E /* CockpitPersistence */; };
		8BFCCDEEF23A54D74469E967 /* MonacoWindowSessionResolver.swift in Sources */ = {isa = PBXBuildFile; fileRef = 4C20796303E1E5A8E048F156 /* MonacoWindowSessionResolver.swift */; };
		995B04F1AC75CFBAC5087DE1 /* AppDelegate.swift in Sources */ = {isa = PBXBuildFile; fileRef = A0BFB39C38A17E2083706555 /* AppDelegate.swift */; };
		9981B72B37BDC5B5A74191ED /* CockpitTerminalClient in Frameworks */ = {isa = PBXBuildFile; productRef = 5A754E919142603676936801 /* CockpitTerminalClient */; };
		9D5FC418CC572EF2C0D4BAC6 /* GhosttyVTAdapter.swift in Sources */ = {isa = PBXBuildFile; fileRef = 3F212D66BE21DB1B93B562CF /* GhosttyVTAdapter.swift */; };
		A1340526403B5B92EFF4314D /* TabCommandController.swift in Sources */ = {isa = PBXBuildFile; fileRef = CB994DB4EA130F6E99C7AB59 /* TabCommandController.swift */; };
		A370B28B6F0C30D43CAE9AC9 /* CockpitTypes in Frameworks */ = {isa = PBXBuildFile; productRef = 301696E7B6689F1F7F644EA6 /* CockpitTypes */; };
		A7DFA31121D9E31C872E4793 /* CockpitPersistence in Frameworks */ = {isa = PBXBuildFile; productRef = 41F1F75F27D0D4B661D8228C /* CockpitPersistence */; };
		A8BD698235ABF0B21BAC7D3F /* ApplicationMenu.swift in Sources */ = {isa = PBXBuildFile; fileRef = E76CD11BE762112041BA4638 /* ApplicationMenu.swift */; };
		B35FEE05419E4A6A32CCC004 /* WorkspaceSidebarController.swift in Sources */ = {isa = PBXBuildFile; fileRef = 5760D618B16CD0E88EF12499 /* WorkspaceSidebarController.swift */; };
		B43C4F3BB2CABB70159B9558 /* QuartzCore.framework in Frameworks */ = {isa = PBXBuildFile; fileRef = 4B5AFD79708EC200DB637479 /* QuartzCore.framework */; };
		B877D89767A2A9D7755ED7E2 /* NewTabPickerController.swift in Sources */ = {isa = PBXBuildFile; fileRef = 38288D3FCC85DFAAB98E11CB /* NewTabPickerController.swift */; };
		B984303D116E24D3B243414B /* CockpitTerminalCore in Frameworks */ = {isa = PBXBuildFile; productRef = D51DF015FEF9086662DEC115 /* CockpitTerminalCore */; };
		BC6C1FA49B0AAE09EB84DF87 /* MonacoBridge.swift in Sources */ = {isa = PBXBuildFile; fileRef = 263DA7B80F345C7A4A093699 /* MonacoBridge.swift */; };
		BD4D067AEA4D8DD58643509F /* main.swift in Sources */ = {isa = PBXBuildFile; fileRef = 48D380A6D5A0B758FBC879A0 /* main.swift */; };
		BF1DB82678DB642319911952 /* ProductionLaunchAgentRegistrarTests.swift in Sources */ = {isa = PBXBuildFile; fileRef = 418212AE6B428F8A3961B4B5 /* ProductionLaunchAgentRegistrarTests.swift */; };
		CE310A5B431632FB0D2FA014 /* TabStripController.swift in Sources */ = {isa = PBXBuildFile; fileRef = C230093E1E264CC2FD374D62 /* TabStripController.swift */; };
		CFFBA4DA3EFF3DC697120576 /* CockpitLocalTransport in Frameworks */ = {isa = PBXBuildFile; productRef = 21DEEFE2C1B69D1975B38A28 /* CockpitLocalTransport */; };
		D6E67DD9156648A4918D79F2 /* MonacoBridgeTests.swift in Sources */ = {isa = PBXBuildFile; fileRef = 03CFE05ED5FAE0544DEBFDFF /* MonacoBridgeTests.swift */; };
		DE1A356D6AFAC3DA1F075DCB /* CockpitTerminalCore in Frameworks */ = {isa = PBXBuildFile; productRef = 93F4B0E2D22242211D1B9075 /* CockpitTerminalCore */; };
		E7F9727E3D6B46E9C5D54C32 /* ServiceStatusViewModel.swift in Sources */ = {isa = PBXBuildFile; fileRef = C4A08688480DC135C04F862D /* ServiceStatusViewModel.swift */; };
		EDBDC9E13ACCBDEEF9504871 /* ProjectCommandController.swift in Sources */ = {isa = PBXBuildFile; fileRef = 4DFCC4C543B9F5B3D87D2E1F /* ProjectCommandController.swift */; };
		F2FA65E881BC08614E18A4F4 /* MonacoEditorViewController.swift in Sources */ = {isa = PBXBuildFile; fileRef = 74BE78FCB3DB52BC2A92457F /* MonacoEditorViewController.swift */; };
		F3D27AB90F5E2D6B72AB3A5E /* WorkspaceViewModelTests.swift in Sources */ = {isa = PBXBuildFile; fileRef = B5B374DCEC4748EA788BEEE2 /* WorkspaceViewModelTests.swift */; };
		F61FCBEC5572862FE710A9E1 /* WorkspaceSplitViewController.swift in Sources */ = {isa = PBXBuildFile; fileRef = 57A7D9649155671F2B78038C /* WorkspaceSplitViewController.swift */; };
		FA281D4C5CEED0F7CDA552A8 /* GhosttyTerminalView.swift in Sources */ = {isa = PBXBuildFile; fileRef = 23AAD691375B8C8DC385B733 /* GhosttyTerminalView.swift */; };
		FF4336728B6B261A41D126A2 /* CockpitHostCore in Frameworks */ = {isa = PBXBuildFile; productRef = 80E0EDA5DF236D4B796E1DC4 /* CockpitHostCore */; };
/* End PBXBuildFile section */

/* Begin PBXContainerItemProxy section */
		55E70D4F4B2B4557C1003EFD /* PBXContainerItemProxy */ = {
			isa = PBXContainerItemProxy;
			containerPortal = 2D2748F318F36C27786CFB3C /* Project object */;
			proxyType = 1;
			remoteGlobalIDString = C6AC280B43B6369148D0714A;
			remoteInfo = CockpitHost;
		};
		63F38FEE3EF8759936BA7AF3 /* PBXContainerItemProxy */ = {
			isa = PBXContainerItemProxy;
			containerPortal = 2D2748F318F36C27786CFB3C /* Project object */;
			proxyType = 1;
			remoteGlobalIDString = 1E24EBF1589C10A496752A48;
			remoteInfo = CockpitGhosttyArtifacts;
		};
		842C31CEE7004F6A604E6086 /* PBXContainerItemProxy */ = {
			isa = PBXContainerItemProxy;
			containerPortal = 2D2748F318F36C27786CFB3C /* Project object */;
			proxyType = 1;
			remoteGlobalIDString = 01A05A8A2A71E7DC1ED4F685;
			remoteInfo = CockpitPTYKeeper;
		};
		850D9680BB5DFEBDC6AF3BC6 /* PBXContainerItemProxy */ = {
			isa = PBXContainerItemProxy;
			containerPortal = 2D2748F318F36C27786CFB3C /* Project object */;
			proxyType = 1;
			remoteGlobalIDString = 6F4E0A2E524FD8724D264DEC;
			remoteInfo = Cockpit;
		};
		94C17907DDA2976CC29416D7 /* PBXContainerItemProxy */ = {
			isa = PBXContainerItemProxy;
			containerPortal = 2D2748F318F36C27786CFB3C /* Project object */;
			proxyType = 1;
			remoteGlobalIDString = 1E24EBF1589C10A496752A48;
			remoteInfo = CockpitGhosttyArtifacts;
		};
		EB2DEBC00943400C63CD749E /* PBXContainerItemProxy */ = {
			isa = PBXContainerItemProxy;
			containerPortal = 2D2748F318F36C27786CFB3C /* Project object */;
			proxyType = 1;
			remoteGlobalIDString = E9BB0F9BEE57C9948B137941;
			remoteInfo = CockpitTerminalSupervisor;
		};
/* End PBXContainerItemProxy section */

/* Begin PBXFileReference section */
		00564BB31488ED4B580FAAD2 /* Cockpit */ = {isa = PBXFileReference; lastKnownFileType = folder; name = Cockpit; path = .; sourceTree = SOURCE_ROOT; };
		03CFE05ED5FAE0544DEBFDFF /* MonacoBridgeTests.swift */ = {isa = PBXFileReference; lastKnownFileType = sourcecode.swift; path = MonacoBridgeTests.swift; sourceTree = "<group>"; };
		1183768045AE445F258A4859 /* TabCommandControllerTests.swift */ = {isa = PBXFileReference; lastKnownFileType = sourcecode.swift; path = TabCommandControllerTests.swift; sourceTree = "<group>"; };
		1CB666BCCFF83A0B17532068 /* TerminalTabViewController.swift */ = {isa = PBXFileReference; lastKnownFileType = sourcecode.swift; path = TerminalTabViewController.swift; sourceTree = "<group>"; };
		1F0C98BDF4F40288231C6311 /* ConversationDeletionController.swift */ = {isa = PBXFileReference; lastKnownFileType = sourcecode.swift; path = ConversationDeletionController.swift; sourceTree = "<group>"; };
		2385F57849DC9C8D85188937 /* WorkspaceChromeView.swift */ = {isa = PBXFileReference; lastKnownFileType = sourcecode.swift; path = WorkspaceChromeView.swift; sourceTree = "<group>"; };
		23AAD691375B8C8DC385B733 /* GhosttyTerminalView.swift */ = {isa = PBXFileReference; lastKnownFileType = sourcecode.swift; path = GhosttyTerminalView.swift; sourceTree = "<group>"; };
		263DA7B80F345C7A4A093699 /* MonacoBridge.swift */ = {isa = PBXFileReference; lastKnownFileType = sourcecode.swift; path = MonacoBridge.swift; sourceTree = "<group>"; };
		2BF59ED429382282C6713FC1 /* WorkspaceHierarchyTests.swift */ = {isa = PBXFileReference; lastKnownFileType = sourcecode.swift; path = WorkspaceHierarchyTests.swift; sourceTree = "<group>"; };
		2C3A65312477EAD5232A52B0 /* main.swift */ = {isa = PBXFileReference; lastKnownFileType = sourcecode.swift; path = main.swift; sourceTree = "<group>"; };
		345DA9F403FADE69A83C8512 /* ConversationCommandControllerTests.swift */ = {isa = PBXFileReference; lastKnownFileType = sourcecode.swift; path = ConversationCommandControllerTests.swift; sourceTree = "<group>"; };
		38288D3FCC85DFAAB98E11CB /* NewTabPickerController.swift */ = {isa = PBXFileReference; lastKnownFileType = sourcecode.swift; path = NewTabPickerController.swift; sourceTree = "<group>"; };
		3F212D66BE21DB1B93B562CF /* GhosttyVTAdapter.swift */ = {isa = PBXFileReference; lastKnownFileType = sourcecode.swift; path = GhosttyVTAdapter.swift; sourceTree = "<group>"; };
		418212AE6B428F8A3961B4B5 /* ProductionLaunchAgentRegistrarTests.swift */ = {isa = PBXFileReference; lastKnownFileType = sourcecode.swift; path = ProductionLaunchAgentRegistrarTests.swift; sourceTree = "<group>"; };
		434FD56C66EABF9EB68397FE /* CockpitHost */ = {isa = PBXFileReference; includeInIndex = 0; path = CockpitHost; sourceTree = BUILT_PRODUCTS_DIR; };
		44E88B0BC4EEA46D8B82BE00 /* MonacoMessage.swift */ = {isa = PBXFileReference; lastKnownFileType = sourcecode.swift; path = MonacoMessage.swift; sourceTree = "<group>"; };
		48D380A6D5A0B758FBC879A0 /* main.swift */ = {isa = PBXFileReference; lastKnownFileType = sourcecode.swift; path = main.swift; sourceTree = "<group>"; };
		48DD68C2340D2B3D207AB36A /* MonacoRuntime.bundle */ = {isa = PBXFileReference; lastKnownFileType = folder; name = MonacoRuntime.bundle; path = EditorRuntime/dist/MonacoRuntime.bundle; sourceTree = SOURCE_ROOT; };
		4B5AFD79708EC200DB637479 /* QuartzCore.framework */ = {isa = PBXFileReference; lastKnownFileType = wrapper.framework; name = QuartzCore.framework; path = System/Library/Frameworks/QuartzCore.framework; sourceTree = SDKROOT; };
		4C20796303E1E5A8E048F156 /* MonacoWindowSessionResolver.swift */ = {isa = PBXFileReference; lastKnownFileType = sourcecode.swift; path = MonacoWindowSessionResolver.swift; sourceTree = "<group>"; };
		4DFCC4C543B9F5B3D87D2E1F /* ProjectCommandController.swift */ = {isa = PBXFileReference; lastKnownFileType = sourcecode.swift; path = ProjectCommandController.swift; sourceTree = "<group>"; };
		518754862ABDA5A664C60F8A /* ProductionLaunchAgentRegistrar.swift */ = {isa = PBXFileReference; lastKnownFileType = sourcecode.swift; path = ProductionLaunchAgentRegistrar.swift; sourceTree = "<group>"; };
		521FA9CA3D31F33E20B0CC22 /* main.swift */ = {isa = PBXFileReference; lastKnownFileType = sourcecode.swift; path = main.swift; sourceTree = "<group>"; };
		5760D618B16CD0E88EF12499 /* WorkspaceSidebarController.swift */ = {isa = PBXFileReference; lastKnownFileType = sourcecode.swift; path = WorkspaceSidebarController.swift; sourceTree = "<group>"; };
		57A7D9649155671F2B78038C /* WorkspaceSplitViewController.swift */ = {isa = PBXFileReference; lastKnownFileType = sourcecode.swift; path = WorkspaceSplitViewController.swift; sourceTree = "<group>"; };
		57C0F916F7AFD4AAD7519E29 /* ServiceManagement.framework */ = {isa = PBXFileReference; lastKnownFileType = wrapper.framework; name = ServiceManagement.framework; path = System/Library/Frameworks/ServiceManagement.framework; sourceTree = SDKROOT; };
		587C19468BF073BA4E77E04F /* ProjectCommandControllerTests.swift */ = {isa = PBXFileReference; lastKnownFileType = sourcecode.swift; path = ProjectCommandControllerTests.swift; sourceTree = "<group>"; };
		5A9306517642B4E50E65EE7C /* Metal.framework */ = {isa = PBXFileReference; lastKnownFileType = wrapper.framework; name = Metal.framework; path = System/Library/Frameworks/Metal.framework; sourceTree = SDKROOT; };
		66551CF10D010C7EAD2F7ECF /* WorkspaceViewModel.swift */ = {isa = PBXFileReference; lastKnownFileType = sourcecode.swift; path = WorkspaceViewModel.swift; sourceTree = "<group>"; };
		6ACE0572E53CC95FD08436FB /* AppTestScaffoldTests.swift */ = {isa = PBXFileReference; lastKnownFileType = sourcecode.swift; path = AppTestScaffoldTests.swift; sourceTree = "<group>"; };
		70F73173468B21D2CA4D246A /* Cockpit.app */ = {isa = PBXFileReference; explicitFileType = wrapper.application; includeInIndex = 0; path = Cockpit.app; sourceTree = BUILT_PRODUCTS_DIR; };
		74BE78FCB3DB52BC2A92457F /* MonacoEditorViewController.swift */ = {isa = PBXFileReference; lastKnownFileType = sourcecode.swift; path = MonacoEditorViewController.swift; sourceTree = "<group>"; };
		8EA676EB67971DEACE962407 /* CoreGraphics.framework */ = {isa = PBXFileReference; lastKnownFileType = wrapper.framework; name = CoreGraphics.framework; path = System/Library/Frameworks/CoreGraphics.framework; sourceTree = SDKROOT; };
		94F0C60A1B62CDCA2DA73007 /* ApplicationMenuTests.swift */ = {isa = PBXFileReference; lastKnownFileType = sourcecode.swift; path = ApplicationMenuTests.swift; sourceTree = "<group>"; };
		957D0FDA811FE85865AA5EF4 /* CockpitAppTests.xctest */ = {isa = PBXFileReference; explicitFileType = wrapper.cfbundle; includeInIndex = 0; path = CockpitAppTests.xctest; sourceTree = BUILT_PRODUCTS_DIR; };
		967DA6F781A08A3775427A27 /* CoreText.framework */ = {isa = PBXFileReference; lastKnownFileType = wrapper.framework; name = CoreText.framework; path = System/Library/Frameworks/CoreText.framework; sourceTree = SDKROOT; };
		A0BFB39C38A17E2083706555 /* AppDelegate.swift */ = {isa = PBXFileReference; lastKnownFileType = sourcecode.swift; path = AppDelegate.swift; sourceTree = "<group>"; };
		A8AF6C37A6B60C8873BB7901 /* Debug.xcconfig */ = {isa = PBXFileReference; lastKnownFileType = text.xcconfig; path = Debug.xcconfig; sourceTree = "<group>"; };
		B19ED79EFC14EC118B543F41 /* GhosttyTerminalViewTests.swift */ = {isa = PBXFileReference; lastKnownFileType = sourcecode.swift; path = GhosttyTerminalViewTests.swift; sourceTree = "<group>"; };
		B5B374DCEC4748EA788BEEE2 /* WorkspaceViewModelTests.swift */ = {isa = PBXFileReference; lastKnownFileType = sourcecode.swift; path = WorkspaceViewModelTests.swift; sourceTree = "<group>"; };
		B72199350E653181BD3EB3C4 /* FileTreeViewController.swift */ = {isa = PBXFileReference; lastKnownFileType = sourcecode.swift; path = FileTreeViewController.swift; sourceTree = "<group>"; };
		BCB44DBFB79D6796AD98AA99 /* Release.xcconfig */ = {isa = PBXFileReference; lastKnownFileType = text.xcconfig; path = Release.xcconfig; sourceTree = "<group>"; };
		C1FB833EEF9FB302DB53867C /* CockpitTerminalSupervisor */ = {isa = PBXFileReference; includeInIndex = 0; path = CockpitTerminalSupervisor; sourceTree = BUILT_PRODUCTS_DIR; };
		C230093E1E264CC2FD374D62 /* TabStripController.swift */ = {isa = PBXFileReference; lastKnownFileType = sourcecode.swift; path = TabStripController.swift; sourceTree = "<group>"; };
		C4A08688480DC135C04F862D /* ServiceStatusViewModel.swift */ = {isa = PBXFileReference; lastKnownFileType = sourcecode.swift; path = ServiceStatusViewModel.swift; sourceTree = "<group>"; };
		C4FA2BE19C1AAE871BA1097F /* WebKit.framework */ = {isa = PBXFileReference; lastKnownFileType = wrapper.framework; name = WebKit.framework; path = System/Library/Frameworks/WebKit.framework; sourceTree = SDKROOT; };
		C896509ED3B6739751194E83 /* ConversationDeletionControllerTests.swift */ = {isa = PBXFileReference; lastKnownFileType = sourcecode.swift; path = ConversationDeletionControllerTests.swift; sourceTree = "<group>"; };
		C8D131C4C3CE2E3C6A86C30B /* ConversationCommandController.swift */ = {isa = PBXFileReference; lastKnownFileType = sourcecode.swift; path = ConversationCommandController.swift; sourceTree = "<group>"; };
		CA5E864EDF8F667F282B715A /* WorkspaceWindowController.swift */ = {isa = PBXFileReference; lastKnownFileType = sourcecode.swift; path = WorkspaceWindowController.swift; sourceTree = "<group>"; };
		CB994DB4EA130F6E99C7AB59 /* TabCommandController.swift */ = {isa = PBXFileReference; lastKnownFileType = sourcecode.swift; path = TabCommandController.swift; sourceTree = "<group>"; };
		DFD547040C5A1D676AFBC840 /* ContentHostController.swift */ = {isa = PBXFileReference; lastKnownFileType = sourcecode.swift; path = ContentHostController.swift; sourceTree = "<group>"; };
		E76CD11BE762112041BA4638 /* ApplicationMenu.swift */ = {isa = PBXFileReference; lastKnownFileType = sourcecode.swift; path = ApplicationMenu.swift; sourceTree = "<group>"; };
		E7CC18242186F71956E15599 /* CockpitPTYKeeper */ = {isa = PBXFileReference; includeInIndex = 0; path = CockpitPTYKeeper; sourceTree = BUILT_PRODUCTS_DIR; };
		F1A160F98BD0975447B5B58B /* WelcomeViewController.swift */ = {isa = PBXFileReference; lastKnownFileType = sourcecode.swift; path = WelcomeViewController.swift; sourceTree = "<group>"; };
/* End PBXFileReference section */

/* Begin PBXFrameworksBuildPhase section */
		053392186A5577669721C911 /* Frameworks */ = {
			isa = PBXFrameworksBuildPhase;
			buildActionMask = 2147483647;
			files = (
				493D8CBE3E815C9A151FF0F3 /* WebKit.framework in Frameworks */,
			);
			runOnlyForDeploymentPostprocessing = 0;
		};
		19C62675F31436DA9D65E793 /* Frameworks */ = {
			isa = PBXFrameworksBuildPhase;
			buildActionMask = 2147483647;
			files = (
				FF4336728B6B261A41D126A2 /* CockpitHostCore in Frameworks */,
				80169161B195865C65678342 /* CockpitLocalTransport in Frameworks */,
				A7DFA31121D9E31C872E4793 /* CockpitPersistence in Frameworks */,
				351D3D324BAED80562181E32 /* CockpitWorkspace in Frameworks */,
			);
			runOnlyForDeploymentPostprocessing = 0;
		};
		2ECBB436F3015BCD84E0D59A /* Frameworks */ = {
			isa = PBXFrameworksBuildPhase;
			buildActionMask = 2147483647;
			files = (
				B984303D116E24D3B243414B /* CockpitTerminalCore in Frameworks */,
				CFFBA4DA3EFF3DC697120576 /* CockpitLocalTransport in Frameworks */,
			);
			runOnlyForDeploymentPostprocessing = 0;
		};
		D1C978041566B0F8E0E6904B /* Frameworks */ = {
			isa = PBXFrameworksBuildPhase;
			buildActionMask = 2147483647;
			files = (
				6D6EC2E47259CF1C9CD06F87 /* CockpitClientCore in Frameworks */,
				60026EC79653E301CEE5491E /* CockpitHostCore in Frameworks */,
				212557A2ACC955D30965D047 /* CockpitLocalTransport in Frameworks */,
				A370B28B6F0C30D43CAE9AC9 /* CockpitTypes in Frameworks */,
				9981B72B37BDC5B5A74191ED /* CockpitTerminalClient in Frameworks */,
				739F84561841F69B335B8581 /* WebKit.framework in Frameworks */,
				717C660DB30DD27E152966D1 /* Metal.framework in Frameworks */,
				B43C4F3BB2CABB70159B9558 /* QuartzCore.framework in Frameworks */,
				5F406859AC1EF68C058E5F6D /* CoreText.framework in Frameworks */,
				3B5CBAA8FBFB3F631C2F4EA7 /* CoreGraphics.framework in Frameworks */,
				7A9C950C7D5D1EF8AE5FA023 /* ServiceManagement.framework in Frameworks */,
			);
			runOnlyForDeploymentPostprocessing = 0;
		};
		D63CB57C70F26ADB566C9E00 /* Frameworks */ = {
			isa = PBXFrameworksBuildPhase;
			buildActionMask = 2147483647;
			files = (
				5504EF2E91B30EAA53DE6A0E /* CockpitHostCore in Frameworks */,
				DE1A356D6AFAC3DA1F075DCB /* CockpitTerminalCore in Frameworks */,
				591C5D12CD00A336A5410F70 /* CockpitLocalTransport in Frameworks */,
				839BAC8E91A0FF76F9018DEA /* CockpitPersistence in Frameworks */,
			);
			runOnlyForDeploymentPostprocessing = 0;
		};
/* End PBXFrameworksBuildPhase section */

/* Begin PBXGroup section */
		0028AB5E5FA1BF5A5FCAF626 /* Build */ = {
			isa = PBXGroup;
			children = (
				A8AF6C37A6B60C8873BB7901 /* Debug.xcconfig */,
				BCB44DBFB79D6796AD98AA99 /* Release.xcconfig */,
			);
			name = Build;
			path = Config/Build;
			sourceTree = "<group>";
		};
		17AE0B84631936BB32DF470B /* CockpitApp */ = {
			isa = PBXGroup;
			children = (
				A0BFB39C38A17E2083706555 /* AppDelegate.swift */,
				E76CD11BE762112041BA4638 /* ApplicationMenu.swift */,
				DFD547040C5A1D676AFBC840 /* ContentHostController.swift */,
				C8D131C4C3CE2E3C6A86C30B /* ConversationCommandController.swift */,
				1F0C98BDF4F40288231C6311 /* ConversationDeletionController.swift */,
				B72199350E653181BD3EB3C4 /* FileTreeViewController.swift */,
				38288D3FCC85DFAAB98E11CB /* NewTabPickerController.swift */,
				518754862ABDA5A664C60F8A /* ProductionLaunchAgentRegistrar.swift */,
				4DFCC4C543B9F5B3D87D2E1F /* ProjectCommandController.swift */,
				C4A08688480DC135C04F862D /* ServiceStatusViewModel.swift */,
				CB994DB4EA130F6E99C7AB59 /* TabCommandController.swift */,
				C230093E1E264CC2FD374D62 /* TabStripController.swift */,
				F1A160F98BD0975447B5B58B /* WelcomeViewController.swift */,
				2385F57849DC9C8D85188937 /* WorkspaceChromeView.swift */,
				5760D618B16CD0E88EF12499 /* WorkspaceSidebarController.swift */,
				57A7D9649155671F2B78038C /* WorkspaceSplitViewController.swift */,
				66551CF10D010C7EAD2F7ECF /* WorkspaceViewModel.swift */,
				CA5E864EDF8F667F282B715A /* WorkspaceWindowController.swift */,
				6E46CDDC13239DD598F7204A /* Monaco */,
				D772CDEB91945223562616DB /* Terminal */,
			);
			name = CockpitApp;
			path = Applications/CockpitApp;
			sourceTree = "<group>";
		};
		41C347DBB0B84DA34DB20958 /* Frameworks */ = {
			isa = PBXGroup;
			children = (
				8EA676EB67971DEACE962407 /* CoreGraphics.framework */,
				967DA6F781A08A3775427A27 /* CoreText.framework */,
				5A9306517642B4E50E65EE7C /* Metal.framework */,
				4B5AFD79708EC200DB637479 /* QuartzCore.framework */,
				57C0F916F7AFD4AAD7519E29 /* ServiceManagement.framework */,
				C4FA2BE19C1AAE871BA1097F /* WebKit.framework */,
			);
			name = Frameworks;
			sourceTree = "<group>";
		};
		457080120E476759F1EC65C5 /* CockpitPTYKeeper */ = {
			isa = PBXGroup;
			children = (
				3F212D66BE21DB1B93B562CF /* GhosttyVTAdapter.swift */,
				2C3A65312477EAD5232A52B0 /* main.swift */,
			);
			name = CockpitPTYKeeper;
			path = Applications/CockpitPTYKeeper;
			sourceTree = "<group>";
		};
		6E46CDDC13239DD598F7204A /* Monaco */ = {
			isa = PBXGroup;
			children = (
				263DA7B80F345C7A4A093699 /* MonacoBridge.swift */,
				74BE78FCB3DB52BC2A92457F /* MonacoEditorViewController.swift */,
				44E88B0BC4EEA46D8B82BE00 /* MonacoMessage.swift */,
				4C20796303E1E5A8E048F156 /* MonacoWindowSessionResolver.swift */,
			);
			path = Monaco;
			sourceTree = "<group>";
		};
		74779E6081372CCA11FC07A2 = {
			isa = PBXGroup;
			children = (
				48DD68C2340D2B3D207AB36A /* MonacoRuntime.bundle */,
				0028AB5E5FA1BF5A5FCAF626 /* Build */,
				17AE0B84631936BB32DF470B /* CockpitApp */,
				FFA0B107F09BC2BE194062CE /* CockpitAppTests */,
				F11B1C8D8C04FE8D85937769 /* CockpitHost */,
				457080120E476759F1EC65C5 /* CockpitPTYKeeper */,
				DB534674FC3ED4B84218F3D7 /* CockpitTerminalSupervisor */,
				D313BC9B79196468316EC60E /* Packages */,
				41C347DBB0B84DA34DB20958 /* Frameworks */,
				DEFE04B8F8911E7471915F68 /* Products */,
			);
			sourceTree = "<group>";
		};
		D313BC9B79196468316EC60E /* Packages */ = {
			isa = PBXGroup;
			children = (
				00564BB31488ED4B580FAAD2 /* Cockpit */,
			);
			name = Packages;
			sourceTree = "<group>";
		};
		D772CDEB91945223562616DB /* Terminal */ = {
			isa = PBXGroup;
			children = (
				23AAD691375B8C8DC385B733 /* GhosttyTerminalView.swift */,
				1CB666BCCFF83A0B17532068 /* TerminalTabViewController.swift */,
			);
			path = Terminal;
			sourceTree = "<group>";
		};
		DB534674FC3ED4B84218F3D7 /* CockpitTerminalSupervisor */ = {
			isa = PBXGroup;
			children = (
				521FA9CA3D31F33E20B0CC22 /* main.swift */,
			);
			name = CockpitTerminalSupervisor;
			path = Applications/CockpitTerminalSupervisor;
			sourceTree = "<group>";
		};
		DEFE04B8F8911E7471915F68 /* Products */ = {
			isa = PBXGroup;
			children = (
				70F73173468B21D2CA4D246A /* Cockpit.app */,
				957D0FDA811FE85865AA5EF4 /* CockpitAppTests.xctest */,
				434FD56C66EABF9EB68397FE /* CockpitHost */,
				E7CC18242186F71956E15599 /* CockpitPTYKeeper */,
				C1FB833EEF9FB302DB53867C /* CockpitTerminalSupervisor */,
			);
			name = Products;
			sourceTree = "<group>";
		};
		F11B1C8D8C04FE8D85937769 /* CockpitHost */ = {
			isa = PBXGroup;
			children = (
				48D380A6D5A0B758FBC879A0 /* main.swift */,
			);
			name = CockpitHost;
			path = Applications/CockpitHost;
			sourceTree = "<group>";
		};
		FFA0B107F09BC2BE194062CE /* CockpitAppTests */ = {
			isa = PBXGroup;
			children = (
				94F0C60A1B62CDCA2DA73007 /* ApplicationMenuTests.swift */,
				6ACE0572E53CC95FD08436FB /* AppTestScaffoldTests.swift */,
				345DA9F403FADE69A83C8512 /* ConversationCommandControllerTests.swift */,
				C896509ED3B6739751194E83 /* ConversationDeletionControllerTests.swift */,
				B19ED79EFC14EC118B543F41 /* GhosttyTerminalViewTests.swift */,
				03CFE05ED5FAE0544DEBFDFF /* MonacoBridgeTests.swift */,
				418212AE6B428F8A3961B4B5 /* ProductionLaunchAgentRegistrarTests.swift */,
				587C19468BF073BA4E77E04F /* ProjectCommandControllerTests.swift */,
				1183768045AE445F258A4859 /* TabCommandControllerTests.swift */,
				2BF59ED429382282C6713FC1 /* WorkspaceHierarchyTests.swift */,
				B5B374DCEC4748EA788BEEE2 /* WorkspaceViewModelTests.swift */,
			);
			name = CockpitAppTests;
			path = Tests/CockpitAppTests;
			sourceTree = "<group>";
		};
/* End PBXGroup section */

/* Begin PBXNativeTarget section */
		01A05A8A2A71E7DC1ED4F685 /* CockpitPTYKeeper */ = {
			isa = PBXNativeTarget;
			buildConfigurationList = C74A575F39CBD0D64D757B08 /* Build configuration list for PBXNativeTarget "CockpitPTYKeeper" */;
			buildPhases = (
				4FBDD5A3D14417D80CF1A73D /* Sources */,
				2ECBB436F3015BCD84E0D59A /* Frameworks */,
			);
			buildRules = (
			);
			dependencies = (
				B9BE5D99D262B385C536FFE7 /* PBXTargetDependency */,
			);
			name = CockpitPTYKeeper;
			packageProductDependencies = (
				D51DF015FEF9086662DEC115 /* CockpitTerminalCore */,
				21DEEFE2C1B69D1975B38A28 /* CockpitLocalTransport */,
			);
			productName = CockpitPTYKeeper;
			productReference = E7CC18242186F71956E15599 /* CockpitPTYKeeper */;
			productType = "com.apple.product-type.tool";
		};
		6F4E0A2E524FD8724D264DEC /* Cockpit */ = {
			isa = PBXNativeTarget;
			buildConfigurationList = DDD9035969FB44F62AE4FFCE /* Build configuration list for PBXNativeTarget "Cockpit" */;
			buildPhases = (
				1CF695282F179492BC025448 /* Sources */,
				EDEA104B055DB77E276D3D4E /* Resources */,
				D1C978041566B0F8E0E6904B /* Frameworks */,
				250EBF7F377C541A365098D0 /* Embed LaunchAgents */,
			);
			buildRules = (
			);
			dependencies = (
				B62375BB327935AA5FEAA18D /* PBXTargetDependency */,
				37D489506B32FD268CD763BD /* PBXTargetDependency */,
				1A6AED248B6BAF65AE58B92D /* PBXTargetDependency */,
				931DAF49251E968FB5E67212 /* PBXTargetDependency */,
			);
			name = Cockpit;
			packageProductDependencies = (
				805F46A4F8C9EE76A1A590E3 /* CockpitClientCore */,
				9F4222C3217C5CD667A61F57 /* CockpitHostCore */,
				29A3733E9D6777F50A36E911 /* CockpitLocalTransport */,
				301696E7B6689F1F7F644EA6 /* CockpitTypes */,
				5A754E919142603676936801 /* CockpitTerminalClient */,
			);
			productName = Cockpit;
			productReference = 70F73173468B21D2CA4D246A /* Cockpit.app */;
			productType = "com.apple.product-type.application";
		};
		917AF96F70F7A0C34D6087E6 /* CockpitAppTests */ = {
			isa = PBXNativeTarget;
			buildConfigurationList = 1A1D80AB50A1BDB51F7CADCC /* Build configuration list for PBXNativeTarget "CockpitAppTests" */;
			buildPhases = (
				BA3B4619356F65272F03A4BF /* Sources */,
				053392186A5577669721C911 /* Frameworks */,
			);
			buildRules = (
			);
			dependencies = (
				BC864A4E5CF0AD4074B997BE /* PBXTargetDependency */,
			);
			name = CockpitAppTests;
			packageProductDependencies = (
			);
			productName = CockpitAppTests;
			productReference = 957D0FDA811FE85865AA5EF4 /* CockpitAppTests.xctest */;
			productType = "com.apple.product-type.bundle.unit-test";
		};
		C6AC280B43B6369148D0714A /* CockpitHost */ = {
			isa = PBXNativeTarget;
			buildConfigurationList = 35EA5494B5A0B28315E47E75 /* Build configuration list for PBXNativeTarget "CockpitHost" */;
			buildPhases = (
				008EF8E32D7B469DF9E262D7 /* Sources */,
				19C62675F31436DA9D65E793 /* Frameworks */,
			);
			buildRules = (
			);
			dependencies = (
			);
			name = CockpitHost;
			packageProductDependencies = (
				80E0EDA5DF236D4B796E1DC4 /* CockpitHostCore */,
				75A939B292A29F0EA7497870 /* CockpitLocalTransport */,
				41F1F75F27D0D4B661D8228C /* CockpitPersistence */,
				6B63A056B655604A5CAB68B6 /* CockpitWorkspace */,
			);
			productName = CockpitHost;
			productReference = 434FD56C66EABF9EB68397FE /* CockpitHost */;
			productType = "com.apple.product-type.tool";
		};
		E9BB0F9BEE57C9948B137941 /* CockpitTerminalSupervisor */ = {
			isa = PBXNativeTarget;
			buildConfigurationList = 388FFD9A9F4E640068DAA84A /* Build configuration list for PBXNativeTarget "CockpitTerminalSupervisor" */;
			buildPhases = (
				93BCF13BB7DB68CA2B3DC524 /* Sources */,
				D63CB57C70F26ADB566C9E00 /* Frameworks */,
			);
			buildRules = (
			);
			dependencies = (
			);
			name = CockpitTerminalSupervisor;
			packageProductDependencies = (
				DE5F175E55180A6CB6E41C96 /* CockpitHostCore */,
				93F4B0E2D22242211D1B9075 /* CockpitTerminalCore */,
				98B021792EC132C38CE754AF /* CockpitLocalTransport */,
				97443DD81BE67B657ED3816E /* CockpitPersistence */,
			);
			productName = CockpitTerminalSupervisor;
			productReference = C1FB833EEF9FB302DB53867C /* CockpitTerminalSupervisor */;
			productType = "com.apple.product-type.tool";
		};
/* End PBXNativeTarget section */

/* Begin PBXProject section */
		2D2748F318F36C27786CFB3C /* Project object */ = {
			isa = PBXProject;
			attributes = {
				BuildIndependentTargetsInParallel = YES;
				LastUpgradeCheck = 1430;
				TargetAttributes = {
					01A05A8A2A71E7DC1ED4F685 = {
						ProvisioningStyle = Manual;
					};
					1E24EBF1589C10A496752A48 = {
						ProvisioningStyle = Manual;
					};
					6F4E0A2E524FD8724D264DEC = {
						ProvisioningStyle = Manual;
					};
					917AF96F70F7A0C34D6087E6 = {
						ProvisioningStyle = Manual;
					};
					C6AC280B43B6369148D0714A = {
						ProvisioningStyle = Manual;
					};
					E9BB0F9BEE57C9948B137941 = {
						ProvisioningStyle = Manual;
					};
				};
			};
			buildConfigurationList = 3BB36F6332650791EAA0D8F4 /* Build configuration list for PBXProject "Cockpit" */;
			developmentRegion = en;
			hasScannedForEncodings = 0;
			knownRegions = (
				Base,
				en,
			);
			mainGroup = 74779E6081372CCA11FC07A2;
			minimizedProjectReferenceProxies = 1;
			packageReferences = (
				6CB0F0E155E5746AA87F939A /* XCLocalSwiftPackageReference "." */,
			);
			preferredProjectObjectVersion = 77;
			productRefGroup = DEFE04B8F8911E7471915F68 /* Products */;
			projectDirPath = "";
			projectRoot = "";
			targets = (
				C6AC280B43B6369148D0714A /* CockpitHost */,
				E9BB0F9BEE57C9948B137941 /* CockpitTerminalSupervisor */,
				01A05A8A2A71E7DC1ED4F685 /* CockpitPTYKeeper */,
				6F4E0A2E524FD8724D264DEC /* Cockpit */,
				917AF96F70F7A0C34D6087E6 /* CockpitAppTests */,
				1E24EBF1589C10A496752A48 /* CockpitGhosttyArtifacts */,
			);
		};
/* End PBXProject section */

/* Begin PBXResourcesBuildPhase section */
		EDEA104B055DB77E276D3D4E /* Resources */ = {
			isa = PBXResourcesBuildPhase;
			buildActionMask = 2147483647;
			files = (
				072B27985D56CF0B48E847DE /* MonacoRuntime.bundle in Resources */,
			);
			runOnlyForDeploymentPostprocessing = 0;
		};
/* End PBXResourcesBuildPhase section */

/* Begin PBXShellScriptBuildPhase section */
		250EBF7F377C541A365098D0 /* Embed LaunchAgents */ = {
			isa = PBXShellScriptBuildPhase;
			alwaysOutOfDate = 1;
			buildActionMask = 2147483647;
			files = (
			);
			inputFileListPaths = (
			);
			inputPaths = (
				"$(BUILT_PRODUCTS_DIR)/CockpitHost",
				"$(BUILT_PRODUCTS_DIR)/CockpitTerminalSupervisor",
				"$(BUILT_PRODUCTS_DIR)/CockpitPTYKeeper",
				"$(SRCROOT)/Config/LaunchAgents/dev.cockpit.host.plist",
				"$(SRCROOT)/Config/LaunchAgents/dev.cockpit.terminal.plist",
			);
			name = "Embed LaunchAgents";
			outputFileListPaths = (
			);
			outputPaths = (
				"$(TARGET_BUILD_DIR)/$(CONTENTS_FOLDER_PATH)/Resources/CockpitHost",
				"$(TARGET_BUILD_DIR)/$(CONTENTS_FOLDER_PATH)/Resources/CockpitTerminalSupervisor",
				"$(TARGET_BUILD_DIR)/$(CONTENTS_FOLDER_PATH)/Resources/CockpitPTYKeeper",
				"$(TARGET_BUILD_DIR)/$(CONTENTS_FOLDER_PATH)/Library/LaunchAgents/dev.cockpit.host.plist",
				"$(TARGET_BUILD_DIR)/$(CONTENTS_FOLDER_PATH)/Library/LaunchAgents/dev.cockpit.terminal.plist",
			);
			runOnlyForDeploymentPostprocessing = 0;
			shellPath = /bin/sh;
			shellScript = "set -euo pipefail\ntest -n \"$WRAPPER_NAME\"\ntest \"$CONTENTS_FOLDER_PATH\" = \"$WRAPPER_NAME/Contents\"\ncase \"$TARGET_BUILD_DIR\" in\n  /*) ;;\n  *) exit 1 ;;\nesac\ntarget_build_dir=$(/bin/realpath \"$TARGET_BUILD_DIR\")\ntest \"$target_build_dir\" != \"/\"\ncontents=$(/bin/realpath \"$TARGET_BUILD_DIR/$CONTENTS_FOLDER_PATH\")\ntest \"$contents\" = \"$target_build_dir/$WRAPPER_NAME/Contents\"\nresources=\"$contents/Resources\"\nagents=\"$contents/Library/LaunchAgents\"\ntest ! -L \"$resources\"\ntest ! -L \"$contents/Library\"\ntest ! -L \"$agents\"\n/bin/mkdir -p \"$resources\" \"$agents\"\nresources=$(/bin/realpath \"$resources\")\nagents=$(/bin/realpath \"$agents\")\ntest \"$resources\" = \"$contents/Resources\"\ntest \"$agents\" = \"$contents/Library/LaunchAgents\"\n/usr/bin/find \"$agents\" -mindepth 1 -maxdepth 1 -exec /bin/rm -rf {} +\n/bin/cp \"$BUILT_PRODUCTS_DIR/CockpitHost\" \"$resources/CockpitHost\"\n/bin/cp \"$BUILT_PRODUCTS_DIR/CockpitTerminalSupervisor\" \"$resources/CockpitTerminalSupervisor\"\n/bin/cp \"$BUILT_PRODUCTS_DIR/CockpitPTYKeeper\" \"$resources/CockpitPTYKeeper\"\n/bin/cp \"$SRCROOT/Config/LaunchAgents/dev.cockpit.host.plist\" \"$agents/\"\n/bin/cp \"$SRCROOT/Config/LaunchAgents/dev.cockpit.terminal.plist\" \"$agents/\"\n";
		};
		95C93B11A58606A1CAF564DF /* Build Cockpit Ghostty Artifacts */ = {
			isa = PBXShellScriptBuildPhase;
			buildActionMask = 2147483647;
			files = (
			);
			inputFileListPaths = (
			);
			inputPaths = (
				"$(SRCROOT)/ThirdParty/ghostty/.git",
				"$(SRCROOT)/ThirdParty/ghostty/build.zig.zon",
				"$(SRCROOT)/Patches/ghostty/series",
				"$(SRCROOT)/Patches/ghostty/0001-cockpit-external-vt-renderer.patch",
				"$(SRCROOT)/Native/CockpitGhosttyBridge/include/cockpit_ghostty.h",
				"$(SRCROOT)/Native/CockpitGhosttyBridge/include/module.modulemap",
				"$(SRCROOT)/Config/Toolchains/ghostty.env",
				"$(SRCROOT)/Tools/build-ghostty-bridge.zsh",
			);
			name = "Build Cockpit Ghostty Artifacts";
			outputFileListPaths = (
			);
			outputPaths = (
				"$(DERIVED_FILE_DIR)/Ghostty/include/CockpitGhostty/cockpit_ghostty.h",
				"$(DERIVED_FILE_DIR)/Ghostty/include/CockpitGhostty/module.modulemap",
				"$(DERIVED_FILE_DIR)/Ghostty/lib/libCockpitGhosttyVT.a",
				"$(DERIVED_FILE_DIR)/Ghostty/CockpitGhosttyRenderer.xcframework",
				"$(DERIVED_FILE_DIR)/Ghostty/manifest.json",
			);
			runOnlyForDeploymentPostprocessing = 0;
			shellPath = /bin/zsh;
			shellScript = "set -euo pipefail\ntest \"$COCKPIT_GHOSTTY_ARTIFACTS_DIR\" = \"$DERIVED_FILE_DIR/Ghostty\"\n\"$SRCROOT/Tools/build-ghostty-bridge.zsh\" \\\n  --configuration \"$CONFIGURATION\" \\\n  --output \"$DERIVED_FILE_DIR/Ghostty\"\n";
		};
/* End PBXShellScriptBuildPhase section */

/* Begin PBXSourcesBuildPhase section */
		008EF8E32D7B469DF9E262D7 /* Sources */ = {
			isa = PBXSourcesBuildPhase;
			buildActionMask = 2147483647;
			files = (
				BD4D067AEA4D8DD58643509F /* main.swift in Sources */,
			);
			runOnlyForDeploymentPostprocessing = 0;
		};
		1CF695282F179492BC025448 /* Sources */ = {
			isa = PBXSourcesBuildPhase;
			buildActionMask = 2147483647;
			files = (
				995B04F1AC75CFBAC5087DE1 /* AppDelegate.swift in Sources */,
				A8BD698235ABF0B21BAC7D3F /* ApplicationMenu.swift in Sources */,
				7F13BCE3D62D913A6C051792 /* ContentHostController.swift in Sources */,
				22EA011AF83B130CF389F9D3 /* ConversationCommandController.swift in Sources */,
				147E86D04E3990D13FB285BF /* ConversationDeletionController.swift in Sources */,
				17E1FAF124AB3699D39183E8 /* FileTreeViewController.swift in Sources */,
				FA281D4C5CEED0F7CDA552A8 /* GhosttyTerminalView.swift in Sources */,
				BC6C1FA49B0AAE09EB84DF87 /* MonacoBridge.swift in Sources */,
				F2FA65E881BC08614E18A4F4 /* MonacoEditorViewController.swift in Sources */,
				636047E92D5F2E3E5F493341 /* MonacoMessage.swift in Sources */,
				8BFCCDEEF23A54D74469E967 /* MonacoWindowSessionResolver.swift in Sources */,
				B877D89767A2A9D7755ED7E2 /* NewTabPickerController.swift in Sources */,
				7365D6C7C3E5A73DD8CDCCA9 /* ProductionLaunchAgentRegistrar.swift in Sources */,
				EDBDC9E13ACCBDEEF9504871 /* ProjectCommandController.swift in Sources */,
				E7F9727E3D6B46E9C5D54C32 /* ServiceStatusViewModel.swift in Sources */,
				A1340526403B5B92EFF4314D /* TabCommandController.swift in Sources */,
				CE310A5B431632FB0D2FA014 /* TabStripController.swift in Sources */,
				07FECF87EDC303623C2C031A /* TerminalTabViewController.swift in Sources */,
				0B35A9F0F64E0511DED7EFC3 /* WelcomeViewController.swift in Sources */,
				2A1EB9CC7DCE3A914C17CBCB /* WorkspaceChromeView.swift in Sources */,
				B35FEE05419E4A6A32CCC004 /* WorkspaceSidebarController.swift in Sources */,
				F61FCBEC5572862FE710A9E1 /* WorkspaceSplitViewController.swift in Sources */,
				75C6C1CD346F5630A004DC72 /* WorkspaceViewModel.swift in Sources */,
				39069795D81C4857832CB0D5 /* WorkspaceWindowController.swift in Sources */,
			);
			runOnlyForDeploymentPostprocessing = 0;
		};
		4FBDD5A3D14417D80CF1A73D /* Sources */ = {
			isa = PBXSourcesBuildPhase;
			buildActionMask = 2147483647;
			files = (
				9D5FC418CC572EF2C0D4BAC6 /* GhosttyVTAdapter.swift in Sources */,
				69E3BF81CBA08EB3D15300C4 /* main.swift in Sources */,
			);
			runOnlyForDeploymentPostprocessing = 0;
		};
		93BCF13BB7DB68CA2B3DC524 /* Sources */ = {
			isa = PBXSourcesBuildPhase;
			buildActionMask = 2147483647;
			files = (
				00F2CE09C916763801CA9F85 /* main.swift in Sources */,
			);
			runOnlyForDeploymentPostprocessing = 0;
		};
		BA3B4619356F65272F03A4BF /* Sources */ = {
			isa = PBXSourcesBuildPhase;
			buildActionMask = 2147483647;
			files = (
				67CC75FC105853537B5FC897 /* AppTestScaffoldTests.swift in Sources */,
				7A33D7A0C1A2BA7CE86F041B /* ApplicationMenuTests.swift in Sources */,
				68E85917A1DEAC817192DAF1 /* ConversationCommandControllerTests.swift in Sources */,
				72E5AA0CAC1FCF86D0811CB6 /* ConversationDeletionControllerTests.swift in Sources */,
				38B6225A90DCD722926532CA /* GhosttyTerminalViewTests.swift in Sources */,
				D6E67DD9156648A4918D79F2 /* MonacoBridgeTests.swift in Sources */,
				BF1DB82678DB642319911952 /* ProductionLaunchAgentRegistrarTests.swift in Sources */,
				463C67C9A8A5E45E198415C1 /* ProjectCommandControllerTests.swift in Sources */,
				527A91D10DC6D6779FDF0AF3 /* TabCommandControllerTests.swift in Sources */,
				4F386E5E70267D4642394E9A /* WorkspaceHierarchyTests.swift in Sources */,
				F3D27AB90F5E2D6B72AB3A5E /* WorkspaceViewModelTests.swift in Sources */,
			);
			runOnlyForDeploymentPostprocessing = 0;
		};
/* End PBXSourcesBuildPhase section */

/* Begin PBXTargetDependency section */
		1A6AED248B6BAF65AE58B92D /* PBXTargetDependency */ = {
			isa = PBXTargetDependency;
			target = E9BB0F9BEE57C9948B137941 /* CockpitTerminalSupervisor */;
			targetProxy = EB2DEBC00943400C63CD749E /* PBXContainerItemProxy */;
		};
		37D489506B32FD268CD763BD /* PBXTargetDependency */ = {
			isa = PBXTargetDependency;
			target = C6AC280B43B6369148D0714A /* CockpitHost */;
			targetProxy = 55E70D4F4B2B4557C1003EFD /* PBXContainerItemProxy */;
		};
		931DAF49251E968FB5E67212 /* PBXTargetDependency */ = {
			isa = PBXTargetDependency;
			target = 01A05A8A2A71E7DC1ED4F685 /* CockpitPTYKeeper */;
			targetProxy = 842C31CEE7004F6A604E6086 /* PBXContainerItemProxy */;
		};
		B62375BB327935AA5FEAA18D /* PBXTargetDependency */ = {
			isa = PBXTargetDependency;
			target = 1E24EBF1589C10A496752A48 /* CockpitGhosttyArtifacts */;
			targetProxy = 63F38FEE3EF8759936BA7AF3 /* PBXContainerItemProxy */;
		};
		B9BE5D99D262B385C536FFE7 /* PBXTargetDependency */ = {
			isa = PBXTargetDependency;
			target = 1E24EBF1589C10A496752A48 /* CockpitGhosttyArtifacts */;
			targetProxy = 94C17907DDA2976CC29416D7 /* PBXContainerItemProxy */;
		};
		BC864A4E5CF0AD4074B997BE /* PBXTargetDependency */ = {
			isa = PBXTargetDependency;
			target = 6F4E0A2E524FD8724D264DEC /* Cockpit */;
			targetProxy = 850D9680BB5DFEBDC6AF3BC6 /* PBXContainerItemProxy */;
		};
/* End PBXTargetDependency section */

/* Begin XCBuildConfiguration section */
		291E0744EC70F0974FF30459 /* Debug */ = {
			isa = XCBuildConfiguration;
			buildSettings = {
				BUNDLE_LOADER = "$(TEST_HOST)";
				COMBINE_HIDPI_IMAGES = YES;
				GENERATE_INFOPLIST_FILE = YES;
				LD_RUNPATH_SEARCH_PATHS = (
					"$(inherited)",
					"@executable_path/../Frameworks",
					"@loader_path/../Frameworks",
				);
				PRODUCT_BUNDLE_IDENTIFIER = dev.cockpit.CockpitTests;
				SDKROOT = macosx;
				SWIFT_INCLUDE_PATHS = "$(inherited) $(COCKPIT_GHOSTTY_ARTIFACTS_DIR)/include/CockpitGhostty";
				TEST_HOST = "$(BUILT_PRODUCTS_DIR)/Cockpit.app/Contents/MacOS/Cockpit";
			};
			name = Debug;
		};
		3C16C4ACCFB6B5BD1FC389A2 /* Release */ = {
			isa = XCBuildConfiguration;
			baseConfigurationReference = BCB44DBFB79D6796AD98AA99 /* Release.xcconfig */;
			buildSettings = {
				ALWAYS_SEARCH_USER_PATHS = NO;
				CLANG_ANALYZER_NONNULL = YES;
				CLANG_ANALYZER_NUMBER_OBJECT_CONVERSION = YES_AGGRESSIVE;
				CLANG_CXX_LANGUAGE_STANDARD = "gnu++14";
				CLANG_CXX_LIBRARY = "libc++";
				CLANG_ENABLE_MODULES = YES;
				CLANG_ENABLE_OBJC_ARC = YES;
				CLANG_ENABLE_OBJC_WEAK = YES;
				CLANG_WARN_BLOCK_CAPTURE_AUTORELEASING = YES;
				CLANG_WARN_BOOL_CONVERSION = YES;
				CLANG_WARN_COMMA = YES;
				CLANG_WARN_CONSTANT_CONVERSION = YES;
				CLANG_WARN_DEPRECATED_OBJC_IMPLEMENTATIONS = YES;
				CLANG_WARN_DIRECT_OBJC_ISA_USAGE = YES_ERROR;
				CLANG_WARN_DOCUMENTATION_COMMENTS = YES;
				CLANG_WARN_EMPTY_BODY = YES;
				CLANG_WARN_ENUM_CONVERSION = YES;
				CLANG_WARN_INFINITE_RECURSION = YES;
				CLANG_WARN_INT_CONVERSION = YES;
				CLANG_WARN_NON_LITERAL_NULL_CONVERSION = YES;
				CLANG_WARN_OBJC_IMPLICIT_RETAIN_SELF = YES;
				CLANG_WARN_OBJC_LITERAL_CONVERSION = YES;
				CLANG_WARN_OBJC_ROOT_CLASS = YES_ERROR;
				CLANG_WARN_QUOTED_INCLUDE_IN_FRAMEWORK_HEADER = YES;
				CLANG_WARN_RANGE_LOOP_ANALYSIS = YES;
				CLANG_WARN_STRICT_PROTOTYPES = YES;
				CLANG_WARN_SUSPICIOUS_MOVE = YES;
				CLANG_WARN_UNGUARDED_AVAILABILITY = YES_AGGRESSIVE;
				CLANG_WARN_UNREACHABLE_CODE = YES;
				CLANG_WARN__DUPLICATE_METHOD_MATCH = YES;
				COCKPIT_GHOSTTY_ARTIFACTS_DIR = "$(PROJECT_TEMP_DIR)/$(CONFIGURATION)/CockpitGhosttyArtifacts.build/DerivedSources/Ghostty";
				COPY_PHASE_STRIP = NO;
				DEBUG_INFORMATION_FORMAT = "dwarf-with-dsym";
				ENABLE_NS_ASSERTIONS = NO;
				ENABLE_STRICT_OBJC_MSGSEND = YES;
				GCC_C_LANGUAGE_STANDARD = gnu11;
				GCC_NO_COMMON_BLOCKS = YES;
				GCC_WARN_64_TO_32_BIT_CONVERSION = YES;
				GCC_WARN_ABOUT_RETURN_TYPE = YES_ERROR;
				GCC_WARN_UNDECLARED_SELECTOR = YES;
				GCC_WARN_UNINITIALIZED_AUTOS = YES_AGGRESSIVE;
				GCC_WARN_UNUSED_FUNCTION = YES;
				GCC_WARN_UNUSED_VARIABLE = YES;
				MTL_ENABLE_DEBUG_INFO = NO;
				MTL_FAST_MATH = YES;
				PRODUCT_NAME = "$(TARGET_NAME)";
				SDKROOT = macosx;
				SWIFT_COMPILATION_MODE = wholemodule;
				SWIFT_OPTIMIZATION_LEVEL = "-O";
			};
			name = Release;
		};
		42C39DD907E604C24FA7C004 /* Release */ = {
			isa = XCBuildConfiguration;
			buildSettings = {
				BUNDLE_LOADER = "$(TEST_HOST)";
				COMBINE_HIDPI_IMAGES = YES;
				GENERATE_INFOPLIST_FILE = YES;
				LD_RUNPATH_SEARCH_PATHS = (
					"$(inherited)",
					"@executable_path/../Frameworks",
					"@loader_path/../Frameworks",
				);
				PRODUCT_BUNDLE_IDENTIFIER = dev.cockpit.CockpitTests;
				SDKROOT = macosx;
				SWIFT_INCLUDE_PATHS = "$(inherited) $(COCKPIT_GHOSTTY_ARTIFACTS_DIR)/include/CockpitGhostty";
				TEST_HOST = "$(BUILT_PRODUCTS_DIR)/Cockpit.app/Contents/MacOS/Cockpit";
			};
			name = Release;
		};
		47DB310704E2D425146DA8BB /* Debug */ = {
			isa = XCBuildConfiguration;
			buildSettings = {
				COMBINE_HIDPI_IMAGES = YES;
				LD_RUNPATH_SEARCH_PATHS = (
					"$(inherited)",
					"@executable_path/../Frameworks",
				);
				OTHER_CODE_SIGN_FLAGS = "--identifier dev.cockpit.CockpitTerminalSupervisor";
				PRODUCT_BUNDLE_IDENTIFIER = dev.cockpit.CockpitTerminalSupervisor;
				SDKROOT = macosx;
			};
			name = Debug;
		};
		A8A28EA89C7878F67DDDFF80 /* Debug */ = {
			isa = XCBuildConfiguration;
			buildSettings = {
			};
			name = Debug;
		};
		A9205D3733D0AC78C023D53D /* Release */ = {
			isa = XCBuildConfiguration;
			buildSettings = {
				ARCHS = arm64;
				COMBINE_HIDPI_IMAGES = YES;
				LD_RUNPATH_SEARCH_PATHS = (
					"$(inherited)",
					"@executable_path/../Frameworks",
				);
				LIBRARY_SEARCH_PATHS = "$(inherited) $(COCKPIT_GHOSTTY_ARTIFACTS_DIR)/lib";
				OTHER_CODE_SIGN_FLAGS = "--identifier dev.cockpit.CockpitPTYKeeper";
				OTHER_LDFLAGS = "$(inherited) \"$(COCKPIT_GHOSTTY_ARTIFACTS_DIR)/lib/libCockpitGhosttyVT.a\"";
				PRODUCT_BUNDLE_IDENTIFIER = dev.cockpit.CockpitPTYKeeper;
				SDKROOT = macosx;
				SWIFT_ACTIVE_COMPILATION_CONDITIONS = "$(inherited) COCKPIT_GHOSTTY_LINKED";
				SWIFT_INCLUDE_PATHS = "$(inherited) $(COCKPIT_GHOSTTY_ARTIFACTS_DIR)/include/CockpitGhostty";
			};
			name = Release;
		};
		B0148BB3E232FE9A32111608 /* Release */ = {
			isa = XCBuildConfiguration;
			buildSettings = {
			};
			name = Release;
		};
		B59712E133A0ED40F700879D /* Debug */ = {
			isa = XCBuildConfiguration;
			buildSettings = {
				ARCHS = arm64;
				COMBINE_HIDPI_IMAGES = YES;
				LD_RUNPATH_SEARCH_PATHS = (
					"$(inherited)",
					"@executable_path/../Frameworks",
				);
				LIBRARY_SEARCH_PATHS = "$(inherited) $(COCKPIT_GHOSTTY_ARTIFACTS_DIR)/lib";
				OTHER_CODE_SIGN_FLAGS = "--identifier dev.cockpit.CockpitPTYKeeper";
				OTHER_LDFLAGS = "$(inherited) \"$(COCKPIT_GHOSTTY_ARTIFACTS_DIR)/lib/libCockpitGhosttyVT.a\"";
				PRODUCT_BUNDLE_IDENTIFIER = dev.cockpit.CockpitPTYKeeper;
				SDKROOT = macosx;
				SWIFT_ACTIVE_COMPILATION_CONDITIONS = "$(inherited) COCKPIT_GHOSTTY_LINKED";
				SWIFT_INCLUDE_PATHS = "$(inherited) $(COCKPIT_GHOSTTY_ARTIFACTS_DIR)/include/CockpitGhostty";
			};
			name = Debug;
		};
		B6EE1B65701E6DC8FD0B6650 /* Debug */ = {
			isa = XCBuildConfiguration;
			buildSettings = {
				ARCHS = arm64;
				ASSETCATALOG_COMPILER_APPICON_NAME = AppIcon;
				COMBINE_HIDPI_IMAGES = YES;
				GENERATE_INFOPLIST_FILE = YES;
				INFOPLIST_KEY_CFBundleDisplayName = Cockpit;
				INFOPLIST_KEY_LSApplicationCategoryType = "public.app-category.developer-tools";
				LD_RUNPATH_SEARCH_PATHS = (
					"$(inherited)",
					"@executable_path/../Frameworks",
				);
				LIBRARY_SEARCH_PATHS = "$(inherited) $(COCKPIT_GHOSTTY_ARTIFACTS_DIR)/CockpitGhosttyRenderer.xcframework/macos-arm64";
				LM_FORCE_LINK_GENERATION = YES;
				OTHER_LDFLAGS = "$(inherited) \"$(COCKPIT_GHOSTTY_ARTIFACTS_DIR)/CockpitGhosttyRenderer.xcframework/macos-arm64/libCockpitGhosttyRenderer.a\" -lc++";
				PRODUCT_BUNDLE_IDENTIFIER = dev.cockpit.Cockpit;
				SDKROOT = macosx;
				SWIFT_ACTIVE_COMPILATION_CONDITIONS = "$(inherited) COCKPIT_GHOSTTY_LINKED";
				SWIFT_INCLUDE_PATHS = "$(inherited) $(COCKPIT_GHOSTTY_ARTIFACTS_DIR)/include/CockpitGhostty";
			};
			name = Debug;
		};
		BB9EA88B7C1A2BFF702DD820 /* Release */ = {
			isa = XCBuildConfiguration;
			buildSettings = {
				COMBINE_HIDPI_IMAGES = YES;
				LD_RUNPATH_SEARCH_PATHS = (
					"$(inherited)",
					"@executable_path/../Frameworks",
				);
				OTHER_CODE_SIGN_FLAGS = "--identifier dev.cockpit.CockpitHost";
				PRODUCT_BUNDLE_IDENTIFIER = dev.cockpit.CockpitHost;
				SDKROOT = macosx;
			};
			name = Release;
		};
		C31BAC33F5C8184D20B7F0F0 /* Release */ = {
			isa = XCBuildConfiguration;
			buildSettings = {
				ARCHS = arm64;
				ASSETCATALOG_COMPILER_APPICON_NAME = AppIcon;
				COMBINE_HIDPI_IMAGES = YES;
				GENERATE_INFOPLIST_FILE = YES;
				INFOPLIST_KEY_CFBundleDisplayName = Cockpit;
				INFOPLIST_KEY_LSApplicationCategoryType = "public.app-category.developer-tools";
				LD_RUNPATH_SEARCH_PATHS = (
					"$(inherited)",
					"@executable_path/../Frameworks",
				);
				LIBRARY_SEARCH_PATHS = "$(inherited) $(COCKPIT_GHOSTTY_ARTIFACTS_DIR)/CockpitGhosttyRenderer.xcframework/macos-arm64";
				LM_FORCE_LINK_GENERATION = YES;
				OTHER_LDFLAGS = "$(inherited) \"$(COCKPIT_GHOSTTY_ARTIFACTS_DIR)/CockpitGhosttyRenderer.xcframework/macos-arm64/libCockpitGhosttyRenderer.a\" -lc++";
				PRODUCT_BUNDLE_IDENTIFIER = dev.cockpit.Cockpit;
				SDKROOT = macosx;
				SWIFT_ACTIVE_COMPILATION_CONDITIONS = "$(inherited) COCKPIT_GHOSTTY_LINKED";
				SWIFT_INCLUDE_PATHS = "$(inherited) $(COCKPIT_GHOSTTY_ARTIFACTS_DIR)/include/CockpitGhostty";
			};
			name = Release;
		};
		C7EC548FCA33A78008B4B47D /* Release */ = {
			isa = XCBuildConfiguration;
			buildSettings = {
				COMBINE_HIDPI_IMAGES = YES;
				LD_RUNPATH_SEARCH_PATHS = (
					"$(inherited)",
					"@executable_path/../Frameworks",
				);
				OTHER_CODE_SIGN_FLAGS = "--identifier dev.cockpit.CockpitTerminalSupervisor";
				PRODUCT_BUNDLE_IDENTIFIER = dev.cockpit.CockpitTerminalSupervisor;
				SDKROOT = macosx;
			};
			name = Release;
		};
		D3290AA71EEF2DDBDFCA65BA /* Debug */ = {
			isa = XCBuildConfiguration;
			baseConfigurationReference = A8AF6C37A6B60C8873BB7901 /* Debug.xcconfig */;
			buildSettings = {
				ALWAYS_SEARCH_USER_PATHS = NO;
				CLANG_ANALYZER_NONNULL = YES;
				CLANG_ANALYZER_NUMBER_OBJECT_CONVERSION = YES_AGGRESSIVE;
				CLANG_CXX_LANGUAGE_STANDARD = "gnu++14";
				CLANG_CXX_LIBRARY = "libc++";
				CLANG_ENABLE_MODULES = YES;
				CLANG_ENABLE_OBJC_ARC = YES;
				CLANG_ENABLE_OBJC_WEAK = YES;
				CLANG_WARN_BLOCK_CAPTURE_AUTORELEASING = YES;
				CLANG_WARN_BOOL_CONVERSION = YES;
				CLANG_WARN_COMMA = YES;
				CLANG_WARN_CONSTANT_CONVERSION = YES;
				CLANG_WARN_DEPRECATED_OBJC_IMPLEMENTATIONS = YES;
				CLANG_WARN_DIRECT_OBJC_ISA_USAGE = YES_ERROR;
				CLANG_WARN_DOCUMENTATION_COMMENTS = YES;
				CLANG_WARN_EMPTY_BODY = YES;
				CLANG_WARN_ENUM_CONVERSION = YES;
				CLANG_WARN_INFINITE_RECURSION = YES;
				CLANG_WARN_INT_CONVERSION = YES;
				CLANG_WARN_NON_LITERAL_NULL_CONVERSION = YES;
				CLANG_WARN_OBJC_IMPLICIT_RETAIN_SELF = YES;
				CLANG_WARN_OBJC_LITERAL_CONVERSION = YES;
				CLANG_WARN_OBJC_ROOT_CLASS = YES_ERROR;
				CLANG_WARN_QUOTED_INCLUDE_IN_FRAMEWORK_HEADER = YES;
				CLANG_WARN_RANGE_LOOP_ANALYSIS = YES;
				CLANG_WARN_STRICT_PROTOTYPES = YES;
				CLANG_WARN_SUSPICIOUS_MOVE = YES;
				CLANG_WARN_UNGUARDED_AVAILABILITY = YES_AGGRESSIVE;
				CLANG_WARN_UNREACHABLE_CODE = YES;
				CLANG_WARN__DUPLICATE_METHOD_MATCH = YES;
				COCKPIT_GHOSTTY_ARTIFACTS_DIR = "$(PROJECT_TEMP_DIR)/$(CONFIGURATION)/CockpitGhosttyArtifacts.build/DerivedSources/Ghostty";
				COPY_PHASE_STRIP = NO;
				DEBUG_INFORMATION_FORMAT = dwarf;
				ENABLE_STRICT_OBJC_MSGSEND = YES;
				ENABLE_TESTABILITY = YES;
				GCC_C_LANGUAGE_STANDARD = gnu11;
				GCC_DYNAMIC_NO_PIC = NO;
				GCC_NO_COMMON_BLOCKS = YES;
				GCC_OPTIMIZATION_LEVEL = 0;
				GCC_PREPROCESSOR_DEFINITIONS = (
					"$(inherited)",
					"DEBUG=1",
				);
				GCC_WARN_64_TO_32_BIT_CONVERSION = YES;
				GCC_WARN_ABOUT_RETURN_TYPE = YES_ERROR;
				GCC_WARN_UNDECLARED_SELECTOR = YES;
				GCC_WARN_UNINITIALIZED_AUTOS = YES_AGGRESSIVE;
				GCC_WARN_UNUSED_FUNCTION = YES;
				GCC_WARN_UNUSED_VARIABLE = YES;
				MTL_ENABLE_DEBUG_INFO = INCLUDE_SOURCE;
				MTL_FAST_MATH = YES;
				ONLY_ACTIVE_ARCH = YES;
				PRODUCT_NAME = "$(TARGET_NAME)";
				SDKROOT = macosx;
				SWIFT_ACTIVE_COMPILATION_CONDITIONS = DEBUG;
				SWIFT_OPTIMIZATION_LEVEL = "-Onone";
			};
			name = Debug;
		};
		F8900FA1865222AEFDD463AB /* Debug */ = {
			isa = XCBuildConfiguration;
			buildSettings = {
				COMBINE_HIDPI_IMAGES = YES;
				LD_RUNPATH_SEARCH_PATHS = (
					"$(inherited)",
					"@executable_path/../Frameworks",
				);
				OTHER_CODE_SIGN_FLAGS = "--identifier dev.cockpit.CockpitHost";
				PRODUCT_BUNDLE_IDENTIFIER = dev.cockpit.CockpitHost;
				SDKROOT = macosx;
			};
			name = Debug;
		};
/* End XCBuildConfiguration section */

/* Begin XCConfigurationList section */
		1A1D80AB50A1BDB51F7CADCC /* Build configuration list for PBXNativeTarget "CockpitAppTests" */ = {
			isa = XCConfigurationList;
			buildConfigurations = (
				291E0744EC70F0974FF30459 /* Debug */,
				42C39DD907E604C24FA7C004 /* Release */,
			);
			defaultConfigurationIsVisible = 0;
			defaultConfigurationName = Debug;
		};
		2155ED37D3EB1BE230F15CA0 /* Build configuration list for PBXAggregateTarget "CockpitGhosttyArtifacts" */ = {
			isa = XCConfigurationList;
			buildConfigurations = (
				A8A28EA89C7878F67DDDFF80 /* Debug */,
				B0148BB3E232FE9A32111608 /* Release */,
			);
			defaultConfigurationIsVisible = 0;
			defaultConfigurationName = Debug;
		};
		35EA5494B5A0B28315E47E75 /* Build configuration list for PBXNativeTarget "CockpitHost" */ = {
			isa = XCConfigurationList;
			buildConfigurations = (
				F8900FA1865222AEFDD463AB /* Debug */,
				BB9EA88B7C1A2BFF702DD820 /* Release */,
			);
			defaultConfigurationIsVisible = 0;
			defaultConfigurationName = Debug;
		};
		388FFD9A9F4E640068DAA84A /* Build configuration list for PBXNativeTarget "CockpitTerminalSupervisor" */ = {
			isa = XCConfigurationList;
			buildConfigurations = (
				47DB310704E2D425146DA8BB /* Debug */,
				C7EC548FCA33A78008B4B47D /* Release */,
			);
			defaultConfigurationIsVisible = 0;
			defaultConfigurationName = Debug;
		};
		3BB36F6332650791EAA0D8F4 /* Build configuration list for PBXProject "Cockpit" */ = {
			isa = XCConfigurationList;
			buildConfigurations = (
				D3290AA71EEF2DDBDFCA65BA /* Debug */,
				3C16C4ACCFB6B5BD1FC389A2 /* Release */,
			);
			defaultConfigurationIsVisible = 0;
			defaultConfigurationName = Debug;
		};
		C74A575F39CBD0D64D757B08 /* Build configuration list for PBXNativeTarget "CockpitPTYKeeper" */ = {
			isa = XCConfigurationList;
			buildConfigurations = (
				B59712E133A0ED40F700879D /* Debug */,
				A9205D3733D0AC78C023D53D /* Release */,
			);
			defaultConfigurationIsVisible = 0;
			defaultConfigurationName = Debug;
		};
		DDD9035969FB44F62AE4FFCE /* Build configuration list for PBXNativeTarget "Cockpit" */ = {
			isa = XCConfigurationList;
			buildConfigurations = (
				B6EE1B65701E6DC8FD0B6650 /* Debug */,
				C31BAC33F5C8184D20B7F0F0 /* Release */,
			);
			defaultConfigurationIsVisible = 0;
			defaultConfigurationName = Debug;
		};
/* End XCConfigurationList section */

/* Begin XCLocalSwiftPackageReference section */
		6CB0F0E155E5746AA87F939A /* XCLocalSwiftPackageReference "." */ = {
			isa = XCLocalSwiftPackageReference;
			relativePath = .;
		};
/* End XCLocalSwiftPackageReference section */

/* Begin XCSwiftPackageProductDependency section */
		21DEEFE2C1B69D1975B38A28 /* CockpitLocalTransport */ = {
			isa = XCSwiftPackageProductDependency;
			productName = CockpitLocalTransport;
		};
		29A3733E9D6777F50A36E911 /* CockpitLocalTransport */ = {
			isa = XCSwiftPackageProductDependency;
			productName = CockpitLocalTransport;
		};
		301696E7B6689F1F7F644EA6 /* CockpitTypes */ = {
			isa = XCSwiftPackageProductDependency;
			productName = CockpitTypes;
		};
		41F1F75F27D0D4B661D8228C /* CockpitPersistence */ = {
			isa = XCSwiftPackageProductDependency;
			productName = CockpitPersistence;
		};
		5A754E919142603676936801 /* CockpitTerminalClient */ = {
			isa = XCSwiftPackageProductDependency;
			productName = CockpitTerminalClient;
		};
		6B63A056B655604A5CAB68B6 /* CockpitWorkspace */ = {
			isa = XCSwiftPackageProductDependency;
			productName = CockpitWorkspace;
		};
		75A939B292A29F0EA7497870 /* CockpitLocalTransport */ = {
			isa = XCSwiftPackageProductDependency;
			productName = CockpitLocalTransport;
		};
		805F46A4F8C9EE76A1A590E3 /* CockpitClientCore */ = {
			isa = XCSwiftPackageProductDependency;
			productName = CockpitClientCore;
		};
		80E0EDA5DF236D4B796E1DC4 /* CockpitHostCore */ = {
			isa = XCSwiftPackageProductDependency;
			productName = CockpitHostCore;
		};
		93F4B0E2D22242211D1B9075 /* CockpitTerminalCore */ = {
			isa = XCSwiftPackageProductDependency;
			productName = CockpitTerminalCore;
		};
		97443DD81BE67B657ED3816E /* CockpitPersistence */ = {
			isa = XCSwiftPackageProductDependency;
			productName = CockpitPersistence;
		};
		98B021792EC132C38CE754AF /* CockpitLocalTransport */ = {
			isa = XCSwiftPackageProductDependency;
			productName = CockpitLocalTransport;
		};
		9F4222C3217C5CD667A61F57 /* CockpitHostCore */ = {
			isa = XCSwiftPackageProductDependency;
			productName = CockpitHostCore;
		};
		D51DF015FEF9086662DEC115 /* CockpitTerminalCore */ = {
			isa = XCSwiftPackageProductDependency;
			productName = CockpitTerminalCore;
		};
		DE5F175E55180A6CB6E41C96 /* CockpitHostCore */ = {
			isa = XCSwiftPackageProductDependency;
			productName = CockpitHostCore;
		};
/* End XCSwiftPackageProductDependency section */
	};
	rootObject = 2D2748F318F36C27786CFB3C /* Project object */;
}
